
Microsoft Visual Studio Solution File, Format Version 12.00
# Visual Studio Version 17
VisualStudioVersion = 17.4.33110.190
MinimumVisualStudioVersion = 10.0.40219.1
Project("{9A19103F-16F7-4668-BE54-9A1E7A4F7556}") = "WOLLib", "WOLLib\WOLLib.csproj", "{D1B95986-7ADF-4B9F-A326-6F87C0BF1475}"
	ProjectSection(ProjectDependencies) = postProject
		{0858293B-4B08-483B-898A-99D72C13A484} = {0858293B-4B08-483B-898A-99D72C13A484}
		{925D60F1-40B3-4EFB-8AC1-D2AC4DA22861} = {925D60F1-40B3-4EFB-8AC1-D2AC4DA22861}
		{B0FB16D8-6E55-4060-94D1-5763BE2E5A16} = {B0FB16D8-6E55-4060-94D1-5763BE2E5A16}
	EndProjectSection
EndProject
Project("{9A19103F-16F7-4668-BE54-9A1E7A4F7556}") = "WebAPI", "WakeOnLanApi\WebAPI.csproj", "{CAC98EBC-5D72-4373-9C23-4020B3088377}"
	ProjectSection(ProjectDependencies) = postProject
		{0858293B-4B08-483B-898A-99D72C13A484} = {0858293B-4B08-483B-898A-99D72C13A484}
		{5C86C247-3D33-4370-8C41-72BD7ADC9DFB} = {5C86C247-3D33-4370-8C41-72BD7ADC9DFB}
		{925D60F1-40B3-4EFB-8AC1-D2AC4DA22861} = {925D60F1-40B3-4EFB-8AC1-D2AC4DA22861}
		{B0FB16D8-6E55-4060-94D1-5763BE2E5A16} = {B0FB16D8-6E55-4060-94D1-5763BE2E5A16}
	EndProjectSection
EndProject
Project("{FAE04EC0-301F-11D3-BF4B-00C04F79EFBC}") = "DbData", "Data\DbData.csproj", "{B0FB16D8-6E55-4060-94D1-5763BE2E5A16}"
EndProject
Project("{FAE04EC0-301F-11D3-BF4B-00C04F79EFBC}") = "Services", "Services\Services.csproj", "{5C86C247-3D33-4370-8C41-72BD7ADC9DFB}"
	ProjectSection(ProjectDependencies) = postProject
		{0858293B-4B08-483B-898A-99D72C13A484} = {0858293B-4B08-483B-898A-99D72C13A484}
		{925D60F1-40B3-4EFB-8AC1-D2AC4DA22861} = {925D60F1-40B3-4EFB-8AC1-D2AC4DA22861}
		{B0FB16D8-6E55-4060-94D1-5763BE2E5A16} = {B0FB16D8-6E55-4060-94D1-5763BE2E5A16}
		{D1B95986-7ADF-4B9F-A326-6F87C0BF1475} = {D1B95986-7ADF-4B9F-A326-6F87C0BF1475}
	EndProjectSection
EndProject
Project("{FAE04EC0-301F-11D3-BF4B-00C04F79EFBC}") = "Dto", "Dto\Dto.csproj", "{925D60F1-40B3-4EFB-8AC1-D2AC4DA22861}"
EndProject
Project("{FAE04EC0-301F-11D3-BF4B-00C04F79EFBC}") = "Extensions", "Extensions\Extensions.csproj", "{0858293B-4B08-483B-898A-99D72C13A484}"
EndProject
Global
	GlobalSection(SolutionConfigurationPlatforms) = preSolution
		Debug|Any CPU = Debug|Any CPU
		Debug|ARM = Debug|ARM
		Debug|ARM64 = Debug|ARM64
		Debug|x64 = Debug|x64
		Debug|x86 = Debug|x86
		Release|Any CPU = Release|Any CPU
		Release|ARM = Release|ARM
		Release|ARM64 = Release|ARM64
		Release|x64 = Release|x64
		Release|x86 = Release|x86
	EndGlobalSection
	GlobalSection(ProjectConfigurationPlatforms) = postSolution
		{D1B95986-7ADF-4B9F-A326-6F87C0BF1475}.Debug|Any CPU.ActiveCfg = Debug|Any CPU
		{D1B95986-7ADF-4B9F-A326-6F87C0BF1475}.Debug|Any CPU.Build.0 = Debug|Any CPU
		{D1B95986-7ADF-4B9F-A326-6F87C0BF1475}.Debug|ARM.ActiveCfg = Debug|Any CPU
		{D1B95986-7ADF-4B9F-A326-6F87C0BF1475}.Debug|ARM.Build.0 = Debug|Any CPU
		{D1B95986-7ADF-4B9F-A326-6F87C0BF1475}.Debug|ARM64.ActiveCfg = Debug|Any CPU
		{D1B95986-7ADF-4B9F-A326-6F87C0BF1475}.Debug|ARM64.Build.0 = Debug|Any CPU
		{D1B95986-7ADF-4B9F-A326-6F87C0BF1475}.Debug|x64.ActiveCfg = Debug|Any CPU
		{D1B95986-7ADF-4B9F-A326-6F87C0BF1475}.Debug|x64.Build.0 = Debug|Any CPU
		{D1B95986-7ADF-4B9F-A326-6F87C0BF1475}.Debug|x86.ActiveCfg = Debug|Any CPU
		{D1B95986-7ADF-4B9F-A326-6F87C0BF1475}.Debug|x86.Build.0 = Debug|Any CPU
		{D1B95986-7ADF-4B9F-A326-6F87C0BF1475}.Release|Any CPU.ActiveCfg = Release|Any CPU
		{D1B95986-7ADF-4B9F-A326-6F87C0BF1475}.Release|Any CPU.Build.0 = Release|Any CPU
		{D1B95986-7ADF-4B9F-A326-6F87C0BF1475}.Release|ARM.ActiveCfg = Release|Any CPU
		{D1B95986-7ADF-4B9F-A326-6F87C0BF1475}.Release|ARM.Build.0 = Release|Any CPU
		{D1B95986-7ADF-4B9F-A326-6F87C0BF1475}.Release|ARM64.ActiveCfg = Release|Any CPU
		{D1B95986-7ADF-4B9F-A326-6F87C0BF1475}.Release|ARM64.Build.0 = Release|Any CPU
		{D1B95986-7ADF-4B9F-A326-6F87C0BF1475}.Release|x64.ActiveCfg = Release|Any CPU
		{D1B95986-7ADF-4B9F-A326-6F87C0BF1475}.Release|x64.Build.0 = Release|Any CPU
		{D1B95986-7ADF-4B9F-A326-6F87C0BF1475}.Release|x86.ActiveCfg = Release|Any CPU
		{D1B95986-7ADF-4B9F-A326-6F87C0BF1475}.Release|x86.Build.0 = Release|Any CPU
		{CAC98EBC-5D72-4373-9C23-4020B3088377}.Debug|Any CPU.ActiveCfg = Debug|Any CPU
		{CAC98EBC-5D72-4373-9C23-4020B3088377}.Debug|Any CPU.Build.0 = Debug|Any CPU
		{CAC98EBC-5D72-4373-9C23-4020B3088377}.Debug|ARM.ActiveCfg = Debug|Any CPU
		{CAC98EBC-5D72-4373-9C23-4020B3088377}.Debug|ARM.Build.0 = Debug|Any CPU
		{CAC98EBC-5D72-4373-9C23-4020B3088377}.Debug|ARM64.ActiveCfg = Debug|Any CPU
		{CAC98EBC-5D72-4373-9C23-4020B3088377}.Debug|ARM64.Build.0 = Debug|Any CPU
		{CAC98EBC-5D72-4373-9C23-4020B3088377}.Debug|x64.ActiveCfg = Debug|Any CPU
		{CAC98EBC-5D72-4373-9C23-4020B3088377}.Debug|x64.Build.0 = Debug|Any CPU
		{CAC98EBC-5D72-4373-9C23-4020B3088377}.Debug|x86.ActiveCfg = Debug|Any CPU
		{CAC98EBC-5D72-4373-9C23-4020B3088377}.Debug|x86.Build.0 = Debug|Any CPU
		{CAC98EBC-5D72-4373-9C23-4020B3088377}.Release|Any CPU.ActiveCfg = Release|Any CPU
		{CAC98EBC-5D72-4373-9C23-4020B3088377}.Release|Any CPU.Build.0 = Release|Any CPU
		{CAC98EBC-5D72-4373-9C23-4020B3088377}.Release|ARM.ActiveCfg = Release|Any CPU
		{CAC98EBC-5D72-4373-9C23-4020B3088377}.Release|ARM.Build.0 = Release|Any CPU
		{CAC98EBC-5D72-4373-9C23-4020B3088377}.Release|ARM64.ActiveCfg = Release|Any CPU
		{CAC98EBC-5D72-4373-9C23-4020B3088377}.Release|ARM64.Build.0 = Release|Any CPU
		{CAC98EBC-5D72-4373-9C23-4020B3088377}.Release|x64.ActiveCfg = Release|Any CPU
		{CAC98EBC-5D72-4373-9C23-4020B3088377}.Release|x64.Build.0 = Release|Any CPU
		{CAC98EBC-5D72-4373-9C23-4020B3088377}.Release|x86.ActiveCfg = Release|Any CPU
		{CAC98EBC-5D72-4373-9C23-4020B3088377}.Release|x86.Build.0 = Release|Any CPU
		{B0FB16D8-6E55-4060-94D1-5763BE2E5A16}.Debug|Any CPU.ActiveCfg = Debug|Any CPU
		{B0FB16D8-6E55-4060-94D1-5763BE2E5A16}.Debug|Any CPU.Build.0 = Debug|Any CPU
		{B0FB16D8-6E55-4060-94D1-5763BE2E5A16}.Debug|ARM.ActiveCfg = Debug|Any CPU
		{B0FB16D8-6E55-4060-94D1-5763BE2E5A16}.Debug|ARM.Build.0 = Debug|Any CPU
		{B0FB16D8-6E55-4060-94D1-5763BE2E5A16}.Debug|ARM64.ActiveCfg = Debug|Any CPU
		{B0FB16D8-6E55-4060-94D1-5763BE2E5A16}.Debug|ARM64.Build.0 = Debug|Any CPU
		{B0FB16D8-6E55-4060-94D1-5763BE2E5A16}.Debug|x64.ActiveCfg = Debug|Any CPU
		{B0FB16D8-6E55-4060-94D1-5763BE2E5A16}.Debug|x64.Build.0 = Debug|Any CPU
		{B0FB16D8-6E55-4060-94D1-5763BE2E5A16}.Debug|x86.ActiveCfg = Debug|Any CPU
		{B0FB16D8-6E55-4060-94D1-5763BE2E5A16}.Debug|x86.Build.0 = Debug|Any CPU
		{B0FB16D8-6E55-4060-94D1-5763BE2E5A16}.Release|Any CPU.ActiveCfg = Release|Any CPU
		{B0FB16D8-6E55-4060-94D1-5763BE2E5A16}.Release|Any CPU.Build.0 = Release|Any CPU
		{B0FB16D8-6E55-4060-94D1-5763BE2E5A16}.Release|ARM.ActiveCfg = Release|Any CPU
		{B0FB16D8-6E55-4060-94D1-5763BE2E5A16}.Release|ARM.Build.0 = Release|Any CPU
		{B0FB16D8-6E55-4060-94D1-5763BE2E5A16}.Release|ARM64.ActiveCfg = Release|Any CPU
		{B0FB16D8-6E55-4060-94D1-5763BE2E5A16}.Release|ARM64.Build.0 = Release|Any CPU
		{B0FB16D8-6E55-4060-94D1-5763BE2E5A16}.Release|x64.ActiveCfg = Release|Any CPU
		{B0FB16D8-6E55-4060-94D1-5763BE2E5A16}.Release|x64.Build.0 = Release|Any CPU
		{B0FB16D8-6E55-4060-94D1-5763BE2E5A16}.Release|x86.ActiveCfg = Release|Any CPU
		{B0FB16D8-6E55-4060-94D1-5763BE2E5A16}.Release|x86.Build.0 = Release|Any CPU
		{5C86C247-3D33-4370-8C41-72BD7ADC9DFB}.Debug|Any CPU.ActiveCfg = Debug|Any CPU
		{5C86C247-3D33-4370-8C41-72BD7ADC9DFB}.Debug|Any CPU.Build.0 = Debug|Any CPU
		{5C86C247-3D33-4370-8C41-72BD7ADC9DFB}.Debug|ARM.ActiveCfg = Debug|Any CPU
		{5C86C247-3D33-4370-8C41-72BD7ADC9DFB}.Debug|ARM.Build.0 = Debug|Any CPU
		{5C86C247-3D33-4370-8C41-72BD7ADC9DFB}.Debug|ARM64.ActiveCfg = Debug|Any CPU
		{5C86C247-3D33-4370-8C41-72BD7ADC9DFB}.Debug|ARM64.Build.0 = Debug|Any CPU
		{5C86C247-3D33-4370-8C41-72BD7ADC9DFB}.Debug|x64.ActiveCfg = Debug|Any CPU
		{5C86C247-3D33-4370-8C41-72BD7ADC9DFB}.Debug|x64.Build.0 = Debug|Any CPU
		{5C86C247-3D33-4370-8C41-72BD7ADC9DFB}.Debug|x86.ActiveCfg = Debug|Any CPU
		{5C86C247-3D33-4370-8C41-72BD7ADC9DFB}.Debug|x86.Build.0 = Debug|Any CPU
		{5C86C247-3D33-4370-8C41-72BD7ADC9DFB}.Release|Any CPU.ActiveCfg = Release|Any CPU
		{5C86C247-3D33-4370-8C41-72BD7ADC9DFB}.Release|Any CPU.Build.0 = Release|Any CPU
		{5C86C247-3D33-4370-8C41-72BD7ADC9DFB}.Release|ARM.ActiveCfg = Release|Any CPU
		{5C86C247-3D33-4370-8C41-72BD7ADC9DFB}.Release|ARM.Build.0 = Release|Any CPU
		{5C86C247-3D33-4370-8C41-72BD7ADC9DFB}.Release|ARM64.ActiveCfg = Release|Any CPU
		{5C86C247-3D33-4370-8C41-72BD7ADC9DFB}.Release|ARM64.Build.0 = Release|Any CPU
		{5C86C247-3D33-4370-8C41-72BD7ADC9DFB}.Release|x64.ActiveCfg = Release|Any CPU
		{5C86C247-3D33-4370-8C41-72BD7ADC9DFB}.Release|x64.Build.0 = Release|Any CPU
		{5C86C247-3D33-4370-8C41-72BD7ADC9DFB}.Release|x86.ActiveCfg = Release|Any CPU
		{5C86C247-3D33-4370-8C41-72BD7ADC9DFB}.Release|x86.Build.0 = Release|Any CPU
		{925D60F1-40B3-4EFB-8AC1-D2AC4DA22861}.Debug|Any CPU.ActiveCfg = Debug|Any CPU
		{925D60F1-40B3-4EFB-8AC1-D2AC4DA22861}.Debug|Any CPU.Build.0 = Debug|Any CPU
		{925D60F1-40B3-4EFB-8AC1-D2AC4DA22861}.Debug|ARM.ActiveCfg = Debug|Any CPU
		{925D60F1-40B3-4EFB-8AC1-D2AC4DA22861}.Debug|ARM.Build.0 = Debug|Any CPU
		{925D60F1-40B3-4EFB-8AC1-D2AC4DA22861}.Debug|ARM64.ActiveCfg = Debug|Any CPU
		{925D60F1-40B3-4EFB-8AC1-D2AC4DA22861}.Debug|ARM64.Build.0 = Debug|Any CPU
		{925D60F1-40B3-4EFB-8AC1-D2AC4DA22861}.Debug|x64.ActiveCfg = Debug|Any CPU
		{925D60F1-40B3-4EFB-8AC1-D2AC4DA22861}.Debug|x64.Build.0 = Debug|Any CPU
		{925D60F1-40B3-4EFB-8AC1-D2AC4DA22861}.Debug|x86.ActiveCfg = Debug|Any CPU
		{925D60F1-40B3-4EFB-8AC1-D2AC4DA22861}.Debug|x86.Build.0 = Debug|Any CPU
		{925D60F1-40B3-4EFB-8AC1-D2AC4DA22861}.Release|Any CPU.ActiveCfg = Release|Any CPU
		{925D60F1-40B3-4EFB-8AC1-D2AC4DA22861}.Release|Any CPU.Build.0 = Release|Any CPU
		{925D60F1-40B3-4EFB-8AC1-D2AC4DA22861}.Release|ARM.ActiveCfg = Release|Any CPU
		{925D60F1-40B3-4EFB-8AC1-D2AC4DA22861}.Release|ARM.Build.0 = Release|Any CPU
		{925D60F1-40B3-4EFB-8AC1-D2AC4DA22861}.Release|ARM64.ActiveCfg = Release|Any CPU
		{925D60F1-40B3-4EFB-8AC1-D2AC4DA22861}.Release|ARM64.Build.0 = Release|Any CPU
		{925D60F1-40B3-4EFB-8AC1-D2AC4DA22861}.Release|x64.ActiveCfg = Release|Any CPU
		{925D60F1-40B3-4EFB-8AC1-D2AC4DA22861}.Release|x64.Build.0 = Release|Any CPU
		{925D60F1-40B3-4EFB-8AC1-D2AC4DA22861}.Release|x86.ActiveCfg = Release|Any CPU
		{925D60F1-40B3-4EFB-8AC1-D2AC4DA22861}.Release|x86.Build.0 = Release|Any CPU
		{0858293B-4B08-483B-898A-99D72C13A484}.Debug|Any CPU.ActiveCfg = Debug|Any CPU
		{0858293B-4B08-483B-898A-99D72C13A484}.Debug|Any CPU.Build.0 = Debug|Any CPU
		{0858293B-4B08-483B-898A-99D72C13A484}.Debug|ARM.ActiveCfg = Debug|Any CPU
		{0858293B-4B08-483B-898A-99D72C13A484}.Debug|ARM.Build.0 = Debug|Any CPU
		{0858293B-4B08-483B-898A-99D72C13A484}.Debug|ARM64.ActiveCfg = Debug|Any CPU
		{0858293B-4B08-483B-898A-99D72C13A484}.Debug|ARM64.Build.0 = Debug|Any CPU
		{0858293B-4B08-483B-898A-99D72C13A484}.Debug|x64.ActiveCfg = Debug|Any CPU
		{0858293B-4B08-483B-898A-99D72C13A484}.Debug|x64.Build.0 = Debug|Any CPU
		{0858293B-4B08-483B-898A-99D72C13A484}.Debug|x86.ActiveCfg = Debug|Any CPU
		{0858293B-4B08-483B-898A-99D72C13A484}.Debug|x86.Build.0 = Debug|Any CPU
		{0858293B-4B08-483B-898A-99D72C13A484}.Release|Any CPU.ActiveCfg = Release|Any CPU
		{0858293B-4B08-483B-898A-99D72C13A484}.Release|Any CPU.Build.0 = Release|Any CPU
		{0858293B-4B08-483B-898A-99D72C13A484}.Release|ARM.ActiveCfg = Release|Any CPU
		{0858293B-4B08-483B-898A-99D72C13A484}.Release|ARM.Build.0 = Release|Any CPU
		{0858293B-4B08-483B-898A-99D72C13A484}.Release|ARM64.ActiveCfg = Release|Any CPU
		{0858293B-4B08-483B-898A-99D72C13A484}.Release|ARM64.Build.0 = Release|Any CPU
		{0858293B-4B08-483B-898A-99D72C13A484}.Release|x64.ActiveCfg = Release|Any CPU
		{0858293B-4B08-483B-898A-99D72C13A484}.Release|x64.Build.0 = Release|Any CPU
		{0858293B-4B08-483B-898A-99D72C13A484}.Release|x86.ActiveCfg = Release|Any CPU
		{0858293B-4B08-483B-898A-99D72C13A484}.Release|x86.Build.0 = Release|Any CPU
	EndGlobalSection
	GlobalSection(SolutionProperties) = preSolution
		HideSolutionNode = FALSE
	EndGlobalSection
	GlobalSection(ExtensibilityGlobals) = postSolution
		SolutionGuid = {3528DB63-F454-4E21-9CBB-4DB6CBD751EC}
	EndGlobalSection
EndGlobal
